
Microsoft Visual Studio Solution File, Format Version 12.00
# Visual Studio Version 17
VisualStudioVersion = 17.11.35208.52
MinimumVisualStudioVersion = 10.0.40219.1
Project("{FAE04EC0-301F-11D3-BF4B-00C04F79EFBC}") = "TcpServerSide", "TcpClientServer\TcpServerSide.csproj", "{8A111D8F-F44C-4604-993A-0114CEF7E3B8}"
EndProject
Project("{FAE04EC0-301F-11D3-BF4B-00C04F79EFBC}") = "TcpClientSide", "TcpClientSide\TcpClientSide.csproj", "{6FE88005-9069-44E5-9D0F-255D0B9830AF}"
EndProject
Global
	GlobalSection(SolutionConfigurationPlatforms) = preSolution
		Debug|Any CPU = Debug|Any CPU
		Release|Any CPU = Release|Any CPU
	EndGlobalSection
	GlobalSection(ProjectConfigurationPlatforms) = postSolution
		{8A111D8F-F44C-4604-993A-0114CEF7E3B8}.Debug|Any CPU.ActiveCfg = Debug|Any CPU
		{8A111D8F-F44C-4604-993A-0114CEF7E3B8}.Debug|Any CPU.Build.0 = Debug|Any CPU
		{8A111D8F-F44C-4604-993A-0114CEF7E3B8}.Release|Any CPU.ActiveCfg = Release|Any CPU
		{8A111D8F-F44C-4604-993A-0114CEF7E3B8}.Release|Any CPU.Build.0 = Release|Any CPU
		{6FE88005-9069-44E5-9D0F-255D0B9830AF}.Debug|Any CPU.ActiveCfg = Debug|Any CPU
		{6FE88005-9069-44E5-9D0F-255D0B9830AF}.Debug|Any CPU.Build.0 = Debug|Any CPU
		{6FE88005-9069-44E5-9D0F-255D0B9830AF}.Release|Any CPU.ActiveCfg = Release|Any CPU
		{6FE88005-9069-44E5-9D0F-255D0B9830AF}.Release|Any CPU.Build.0 = Release|Any CPU
	EndGlobalSection
	GlobalSection(SolutionProperties) = preSolution
		HideSolutionNode = FALSE
	EndGlobalSection
	GlobalSection(ExtensibilityGlobals) = postSolution
		SolutionGuid = {7AACB769-70E2-4919-B98F-48016DD24503}
	EndGlobalSection
EndGlobal
